
Microsoft Visual Studio Solution File, Format Version 12.00
# Visual Studio 2013
VisualStudioVersion = 12.0.31101.0
MinimumVisualStudioVersion = 10.0.40219.1
Project("{8BC9CEB8-8B4A-11D0-8D11-00A0C91BC942}") = "FileStorageTest", "FileStorageTest.vcxproj", "{AFB1D978-2497-433E-8B8C-FB8544D2581B}"
	ProjectSection(ProjectDependencies) = postProject
		{FBD9F6C4-02EF-478B-B78C-869BA1EE7243} = {FBD9F6C4-02EF-478B-B78C-869BA1EE7243}
	EndProjectSection
EndProject
Project("{8BC9CEB8-8B4A-11D0-8D11-00A0C91BC942}") = "FileStorage", "FileStorage\FileStorage.vcxproj", "{FBD9F6C4-02EF-478B-B78C-869BA1EE7243}"
EndProject
Global
	GlobalSection(SolutionConfigurationPlatforms) = preSolution
		Debug|x64 = Debug|x64
		Release|x64 = Release|x64
	EndGlobalSection
	GlobalSection(ProjectConfigurationPlatforms) = postSolution
		{AFB1D978-2497-433E-8B8C-FB8544D2581B}.Debug|x64.ActiveCfg = Debug|x64
		{AFB1D978-2497-433E-8B8C-FB8544D2581B}.Debug|x64.Build.0 = Debug|x64
		{AFB1D978-2497-433E-8B8C-FB8544D2581B}.Release|x64.ActiveCfg = Release|x64
		{AFB1D978-2497-433E-8B8C-FB8544D2581B}.Release|x64.Build.0 = Release|x64
		{FBD9F6C4-02EF-478B-B78C-869BA1EE7243}.Debug|x64.ActiveCfg = Debug|x64
		{FBD9F6C4-02EF-478B-B78C-869BA1EE7243}.Debug|x64.Build.0 = Debug|x64
		{FBD9F6C4-02EF-478B-B78C-869BA1EE7243}.Release|x64.ActiveCfg = Release|x64
		{FBD9F6C4-02EF-478B-B78C-869BA1EE7243}.Release|x64.Build.0 = Release|x64
	EndGlobalSection
	GlobalSection(SolutionProperties) = preSolution
		HideSolutionNode = FALSE
	EndGlobalSection
EndGlobal
